
Microsoft Visual Studio Solution File, Format Version 12.00
# Visual Studio 15
VisualStudioVersion = 15.0.28307.1062
MinimumVisualStudioVersion = 10.0.40219.1
Project("{FAE04EC0-301F-11D3-BF4B-00C04F79EFBC}") = "BankingSimulatorHashing", "BankingSimulatorHashing\BankingSimulatorHashing.csproj", "{BDBB84B9-2E74-4BA1-9CDB-6E3D90B198BE}"
EndProject
Global
	GlobalSection(SolutionConfigurationPlatforms) = preSolution
		Debug|Any CPU = Debug|Any CPU
		Release|Any CPU = Release|Any CPU
	EndGlobalSection
	GlobalSection(ProjectConfigurationPlatforms) = postSolution
		{BDBB84B9-2E74-4BA1-9CDB-6E3D90B198BE}.Debug|Any CPU.ActiveCfg = Debug|Any CPU
		{BDBB84B9-2E74-4BA1-9CDB-6E3D90B198BE}.Debug|Any CPU.Build.0 = Debug|Any CPU
		{BDBB84B9-2E74-4BA1-9CDB-6E3D90B198BE}.Release|Any CPU.ActiveCfg = Release|Any CPU
		{BDBB84B9-2E74-4BA1-9CDB-6E3D90B198BE}.Release|Any CPU.Build.0 = Release|Any CPU
	EndGlobalSection
	GlobalSection(SolutionProperties) = preSolution
		HideSolutionNode = FALSE
	EndGlobalSection
	GlobalSection(ExtensibilityGlobals) = postSolution
		SolutionGuid = {8C6A4669-9CE6-4A70-8794-88A0B1A2FAC0}
	EndGlobalSection
EndGlobal
